# THIS IS AN AUTOGENERATED FILE. DO NOT EDIT THIS FILE DIRECTLY.
# yarn lockfile v1


"@babel/runtime@^7.0.0", "@babel/runtime@^7.12.0":
  version "7.17.2"
  resolved "https://registry.yarnpkg.com/@babel/runtime/-/runtime-7.17.2.tgz#66f68591605e59da47523c631416b18508779941"
  integrity sha512-hzeyJyMA1YGdJTuWU0e/j4wKXrU4OMFvY2MSlaI9B7VQb0r5cxTE3EAIS2Q7Tn2RIcDkRvTA/v2JsAEhxe99uw==
  dependencies:
    regenerator-runtime "^0.13.4"

"@bazel/bazelisk@^1.11.0":
  version "1.11.0"
  resolved "https://registry.yarnpkg.com/@bazel/bazelisk/-/bazelisk-1.11.0.tgz#f98d8438b4c14e3328126618b96775d271caa5f8"
  integrity sha512-lxiQzVqSGDG0PIDQGJdVDjp7T+50p5NnM4EnRJa76mkZp6u5ul19GJNKhPKi81TZQALZEZDxAgxVqQKkWTUOxA==

"@bazel/esbuild@^5.1.0":
  version "5.1.0"
  resolved "https://registry.yarnpkg.com/@bazel/esbuild/-/esbuild-5.1.0.tgz#ec3863cfe0ed713dbe55e804a48f9e26ebb29f9c"
  integrity sha512-7pxqoukSyNMAR5QRikFfe7vzLPIjg9YhWEE/qhUPZOyx8njxkSELp7nhSl6fdrToO0itsXQ7U7F4+wGFK9G/0A==

"@bazel/typescript@^5.1.0":
  version "5.1.0"
  resolved "https://registry.yarnpkg.com/@bazel/typescript/-/typescript-5.1.0.tgz#348552355cc92a43f22e637fabce76ed64505548"
  integrity sha512-E7wYv1tBFtcsFp0YN7Cf9Lv184xOzvT5WJKwZxt+43oq8R5tGmTSuqQwm4c9JmEq6s0eZmwUaRv+WXp9hxsE4A==
  dependencies:
    "@bazel/worker" "5.1.0"
    protobufjs "6.8.8"
    semver "5.6.0"
    source-map-support "0.5.9"
    tsutils "3.21.0"

"@bazel/worker@5.1.0":
  version "5.1.0"
  resolved "https://registry.yarnpkg.com/@bazel/worker/-/worker-5.1.0.tgz#6f1e0f3ef628e3449d424cacd341c9abd09a3735"
  integrity sha512-u3aU93UtHz3vL6ozezq0jnw83s1cNT4dAnW+vvB7M++YKFlB3CWzZFb0JRJbCp1b6DDe30ML0WOdd3nVYuylpw==
  dependencies:
    google-protobuf "^3.6.1"

"@luma.gl/shadertools@^8.5.10":
  version "8.5.10"
  resolved "https://registry.yarnpkg.com/@luma.gl/shadertools/-/shadertools-8.5.10.tgz#37a22f99298f917a2bddf4452f04eaec7066bf27"
  integrity sha512-Va/e7fHFI7ZWu03obtNlXN7noIUF1u9U3Pm6PVqeVi3Z24yWl/pFbb5/O1gn66LQZF6fpwoLGN7m4NGk2YyHyA==
  dependencies:
    "@babel/runtime" "^7.0.0"
    "@math.gl/core" "^3.5.0"

"@math.gl/core@^3.5.0":
  version "3.5.7"
  resolved "https://registry.yarnpkg.com/@math.gl/core/-/core-3.5.7.tgz#41145f214c36f20a6bf32e4c25551e97c6828e99"
  integrity sha512-EtMS3Nzv//nc6gAVcmvVsZAkf8+sVNruPcWEaBh95h82T7GroMLLf1WBgOhtOBOvCh6vInxjcYDsJOn7RY5oqg==
  dependencies:
    "@babel/runtime" "^7.12.0"
    gl-matrix "~3.3.0"

"@protobufjs/aspromise@^1.1.1", "@protobufjs/aspromise@^1.1.2":
  version "1.1.2"
  resolved "https://registry.yarnpkg.com/@protobufjs/aspromise/-/aspromise-1.1.2.tgz#9b8b0cc663d669a7d8f6f5d0893a14d348f30fbf"
  integrity sha1-m4sMxmPWaafY9vXQiToU00jzD78=

"@protobufjs/base64@^1.1.2":
  version "1.1.2"
  resolved "https://registry.yarnpkg.com/@protobufjs/base64/-/base64-1.1.2.tgz#4c85730e59b9a1f1f349047dbf24296034bb2735"
  integrity sha512-AZkcAA5vnN/v4PDqKyMR5lx7hZttPDgClv83E//FMNhR2TMcLUhfRUBHCmSl0oi9zMgDDqRUJkSxO3wm85+XLg==

"@protobufjs/codegen@^2.0.4":
  version "2.0.4"
  resolved "https://registry.yarnpkg.com/@protobufjs/codegen/-/codegen-2.0.4.tgz#7ef37f0d010fb028ad1ad59722e506d9262815cb"
  integrity sha512-YyFaikqM5sH0ziFZCN3xDC7zeGaB/d0IUb9CATugHWbd1FRFwWwt4ld4OYMPWu5a3Xe01mGAULCdqhMlPl29Jg==

"@protobufjs/eventemitter@^1.1.0":
  version "1.1.0"
  resolved "https://registry.yarnpkg.com/@protobufjs/eventemitter/-/eventemitter-1.1.0.tgz#355cbc98bafad5978f9ed095f397621f1d066b70"
  integrity sha1-NVy8mLr61ZePntCV85diHx0Ga3A=

"@protobufjs/fetch@^1.1.0":
  version "1.1.0"
  resolved "https://registry.yarnpkg.com/@protobufjs/fetch/-/fetch-1.1.0.tgz#ba99fb598614af65700c1619ff06d454b0d84c45"
  integrity sha1-upn7WYYUr2VwDBYZ/wbUVLDYTEU=
  dependencies:
    "@protobufjs/aspromise" "^1.1.1"
    "@protobufjs/inquire" "^1.1.0"

"@protobufjs/float@^1.0.2":
  version "1.0.2"
  resolved "https://registry.yarnpkg.com/@protobufjs/float/-/float-1.0.2.tgz#5e9e1abdcb73fc0a7cb8b291df78c8cbd97b87d1"
  integrity sha1-Xp4avctz/Ap8uLKR33jIy9l7h9E=

"@protobufjs/inquire@^1.1.0":
  version "1.1.0"
  resolved "https://registry.yarnpkg.com/@protobufjs/inquire/-/inquire-1.1.0.tgz#ff200e3e7cf2429e2dcafc1140828e8cc638f089"
  integrity sha1-/yAOPnzyQp4tyvwRQIKOjMY48Ik=

"@protobufjs/path@^1.1.2":
  version "1.1.2"
  resolved "https://registry.yarnpkg.com/@protobufjs/path/-/path-1.1.2.tgz#6cc2b20c5c9ad6ad0dccfd21ca7673d8d7fbf68d"
  integrity sha1-bMKyDFya1q0NzP0hynZz2Nf79o0=

"@protobufjs/pool@^1.1.0":
  version "1.1.0"
  resolved "https://registry.yarnpkg.com/@protobufjs/pool/-/pool-1.1.0.tgz#09fd15f2d6d3abfa9b65bc366506d6ad7846ff54"
  integrity sha1-Cf0V8tbTq/qbZbw2ZQbWrXhG/1Q=

"@protobufjs/utf8@^1.1.0":
  version "1.1.0"
  resolved "https://registry.yarnpkg.com/@protobufjs/utf8/-/utf8-1.1.0.tgz#a777360b5b39a1a2e5106f8e858f2fd2d060c570"
  integrity sha1-p3c2C1s5oaLlEG+OhY8v0tBgxXA=

"@types/long@^4.0.0":
  version "4.0.1"
  resolved "https://registry.yarnpkg.com/@types/long/-/long-4.0.1.tgz#459c65fa1867dafe6a8f322c4c51695663cc55e9"
  integrity sha512-5tXH6Bx/kNGd3MgffdmP4dy2Z+G4eaXw0SE81Tq3BNadtnMR5/ySMzX4SLEzHJzSmPNn4HIdpQsBvXMUykr58w==

"@types/node@^10.1.0":
  version "10.17.60"
  resolved "https://registry.yarnpkg.com/@types/node/-/node-10.17.60.tgz#35f3d6213daed95da7f0f73e75bcc6980e90597b"
  integrity sha512-F0KIgDJfy2nA3zMLmWGKxcH2ZVEtCZXHHdOQs2gSaQ27+lNeEfGxzkIw90aXswATX7AZ33tahPbzy6KAfUreVw==

buffer-from@^1.0.0:
  version "1.1.2"
  resolved "https://registry.yarnpkg.com/buffer-from/-/buffer-from-1.1.2.tgz#2b146a6fd72e80b4f55d255f35ed59a3a9a41bd5"
  integrity sha512-E+XQCRwSbaaiChtv6k6Dwgc+bx+Bs6vuKJHHl5kox/BaKbhiXzqQOwK4cO22yElGp2OCmjwVhT3HmxgyPGnJfQ==

esbuild-android-arm64@0.14.16:
  version "0.14.16"
  resolved "https://registry.yarnpkg.com/esbuild-android-arm64/-/esbuild-android-arm64-0.14.16.tgz#75dceceffd05fd8127e3590298bf057e04d20602"
  integrity sha512-9qRiUXiV0qIa4Dfv+GLKsk/HHOq3U9qh8yZK9iX0awlzLPFb38NJrNTGtb/TeI6AyyZqsGgwLm/JeJ1UtEN9Aw==

esbuild-darwin-64@0.14.16:
  version "0.14.16"
  resolved "https://registry.yarnpkg.com/esbuild-darwin-64/-/esbuild-darwin-64-0.14.16.tgz#75966d579e3b5d2ec3ef932055022bc2aa2ffcda"
  integrity sha512-1Xa86DpTJFRffA7go0pqUdC0ggxxGxjsrnrvA2nHBVHNf9Ix/cgGuPfxZwf3fRZxDDAT2RdqF5SRZzLYvUCtZQ==

esbuild-darwin-arm64@0.14.16:
  version "0.14.16"
  resolved "https://registry.yarnpkg.com/esbuild-darwin-arm64/-/esbuild-darwin-arm64-0.14.16.tgz#99be1261815ad2bccbd8d63e9a58ae3239365bb6"
  integrity sha512-a0Tp0tec/s5hYT6OiJ2zvfH/6IfXFCH406yqFfXe5u8Nfo6l6IG33L7nqCYCEPnBLF7oYfZk6Re0VDwpgK18kQ==

esbuild-freebsd-64@0.14.16:
  version "0.14.16"
  resolved "https://registry.yarnpkg.com/esbuild-freebsd-64/-/esbuild-freebsd-64-0.14.16.tgz#ac7377802b362a73857907781d54633d5b61344a"
  integrity sha512-FqEdOphRS5kJ8MFqQ21Y0yducmwcFHmpkceLkup1kpsGChr3PGO7DfzXmF5fECNnMxRpk/jgk7e6nV4zXTau/A==

esbuild-freebsd-arm64@0.14.16:
  version "0.14.16"
  resolved "https://registry.yarnpkg.com/esbuild-freebsd-arm64/-/esbuild-freebsd-arm64-0.14.16.tgz#e99c43e5079e4744447882beb01769b2bb0e7d2f"
  integrity sha512-4Au4zR0//Df1v6FuWJEMZFRzaF69FvxHgSmKjikq7x6Ect+h4TbJKkblC3eDrfTA8L6l5bB1vhh0dbKq4zBy5Q==

esbuild-linux-32@0.14.16:
  version "0.14.16"
  resolved "https://registry.yarnpkg.com/esbuild-linux-32/-/esbuild-linux-32-0.14.16.tgz#0d346977f00a93459c31e180d25fb6d36ba21aa8"
  integrity sha512-HundAiQCa0ut7PXq3lmRZY7H3/OYh27wkJ97S7jjCgWmcd5To6Bs8UBVB7I4Qi9lNk/Yty0INnqq9on1WR8JUA==

esbuild-linux-64@0.14.16:
  version "0.14.16"
  resolved "https://registry.yarnpkg.com/esbuild-linux-64/-/esbuild-linux-64-0.14.16.tgz#2c1f2222fa888397530ef625930f74b13c116f7c"
  integrity sha512-fG8MgVmQknIuYCHFOq+9iKLyygjPun+VkNH9ZIdRQrSzb3CFdEkNm+Suq5w8W+WjA/P0OIdrQ/mXXCoHCQTWSQ==

esbuild-linux-arm64@0.14.16:
  version "0.14.16"
  resolved "https://registry.yarnpkg.com/esbuild-linux-arm64/-/esbuild-linux-arm64-0.14.16.tgz#666bf0853184684021f8f5c1781f1e898a35a5b0"
  integrity sha512-7WF1rHsPVXhme2B6ceZZABxFwCiZfMRIJO7yRiLahIdDkwfhSTR6M0a6OwO/NsLJH9fax5GdwBOIBoG5Hkz4gA==

esbuild-linux-arm@0.14.16:
  version "0.14.16"
  resolved "https://registry.yarnpkg.com/esbuild-linux-arm/-/esbuild-linux-arm-0.14.16.tgz#460ff025676544988ff3b4c2ca265f0bcd203baf"
  integrity sha512-0NDVeuvWska0d4Rd8R3+lWEyKaIbAxDuRAeeU6a2xaUXrTG2IPhGNLWc4NbVMbnkGqRqKB4PLdk/YaTUZjKFHQ==

esbuild-linux-mips64le@0.14.16:
  version "0.14.16"
  resolved "https://registry.yarnpkg.com/esbuild-linux-mips64le/-/esbuild-linux-mips64le-0.14.16.tgz#9ae987cbc24a87a0a9ca2a3e9feec0789727460f"
  integrity sha512-RLNaTRdcQ81QckeIjbk1hCrgmrL6VoZBsYT8ak9ObNQzXEJNMlxOBixaF6rhW8UUYRpTpFuoYHeNya8xY884/A==

esbuild-linux-ppc64le@0.14.16:
  version "0.14.16"
  resolved "https://registry.yarnpkg.com/esbuild-linux-ppc64le/-/esbuild-linux-ppc64le-0.14.16.tgz#8eb7c77aa4cdca994ad6b89f6024ae2317d3bb98"
  integrity sha512-ky0Ii2Jmyc00FzGT2audU0UmnBVrVevYmKW10DXLPcHGhbhzJdFRemXLvvzhDM8WD9IMJK3uV6ifJzkKrv8IQA==

esbuild-linux-s390x@0.14.16:
  version "0.14.16"
  resolved "https://registry.yarnpkg.com/esbuild-linux-s390x/-/esbuild-linux-s390x-0.14.16.tgz#248de950b82064931872d8bad84560187da1efab"
  integrity sha512-DuW9MPGJAzUUBPI/olMkMMepCasTbPN1Xr2cKZZEEDIibcdRnuFrMYVk3G3I8/Qb6SZBNTSnZMAyhvYFrwAkqw==

esbuild-netbsd-64@0.14.16:
  version "0.14.16"
  resolved "https://registry.yarnpkg.com/esbuild-netbsd-64/-/esbuild-netbsd-64-0.14.16.tgz#330e546b55fb3665618a594dae6222faecc08ec4"
  integrity sha512-l8+mnz8iVsV0iL5v5JCuP0UTv2LwO1ORdJ/scMkGUl8WrC6cBmUrrHhg+pwREqjbD8TxjfUJVM1Vvt5E8SaTsg==

esbuild-openbsd-64@0.14.16:
  version "0.14.16"
  resolved "https://registry.yarnpkg.com/esbuild-openbsd-64/-/esbuild-openbsd-64-0.14.16.tgz#cca41262619dfd6c2b7ea4f128b14ac02d79028d"
  integrity sha512-8SbZNAV902FmcGnc+j86HWY8PyTD1H7T39RsPXXS5IC1psi3yzFr2d8NoOxb6cQd5XUVHmHT1naJsbtEAyKIPA==

esbuild-sunos-64@0.14.16:
  version "0.14.16"
  resolved "https://registry.yarnpkg.com/esbuild-sunos-64/-/esbuild-sunos-64-0.14.16.tgz#bb03853049171e6441a0fcc06f3ce04a693f86ba"
  integrity sha512-pMhe4uOaGjA/5YgeNoB0PRZi1V73D8sx876uFzuAxaZcYzLA5BsSbQeEccH182X6cBybE4Pm79kYedTSGOfwog==

esbuild-windows-32@0.14.16:
  version "0.14.16"
  resolved "https://registry.yarnpkg.com/esbuild-windows-32/-/esbuild-windows-32-0.14.16.tgz#ee5bbf56a857afc0196a1b02ef047ec3747eb646"
  integrity sha512-M68/EFCgji0DI+DgULx2ytUUSxwwODJDpiVc0YsiWKdyB4umKTu1GGxFfdZhXrWtPxB4aZFoIgJyDhsFxnHC4g==

esbuild-windows-64@0.14.16:
  version "0.14.16"
  resolved "https://registry.yarnpkg.com/esbuild-windows-64/-/esbuild-windows-64-0.14.16.tgz#9c030666fe881805677cc154090f491c71bac011"
  integrity sha512-rmSal1Co749CXSNyFJ62J5Fz/nZiFWhwMfYN9SwZazutKZ6s0QDRIhnupa93bJmzMzz4C2dqUV/VL1tqOI3y9g==

esbuild-windows-arm64@0.14.16:
  version "0.14.16"
  resolved "https://registry.yarnpkg.com/esbuild-windows-arm64/-/esbuild-windows-arm64-0.14.16.tgz#98f97821148f5b74de7b427109dee106b5350221"
  integrity sha512-VMfEf+MDgO+rulAuSeu3HNebSHa1TDn0lJp+QRk7E2WVg9OCSwuXUEkSbqIbkif3ZjASy7h9sTCGyHcqgKQTrg==

esbuild@0.14.16:
  version "0.14.16"
  resolved "https://registry.yarnpkg.com/esbuild/-/esbuild-0.14.16.tgz#cfe5c35a6bacd7390b2a53a997cd6028eaa468d3"
  integrity sha512-niiWy7nesZFGCiDr0NR9/JLEhtZPYHG/ABYTqveNWvocw/gGI5rKHOj3+5yUv3yH10/geTlZiyVaNvjJWL9Xbw==
  optionalDependencies:
    esbuild-android-arm64 "0.14.16"
    esbuild-darwin-64 "0.14.16"
    esbuild-darwin-arm64 "0.14.16"
    esbuild-freebsd-64 "0.14.16"
    esbuild-freebsd-arm64 "0.14.16"
    esbuild-linux-32 "0.14.16"
    esbuild-linux-64 "0.14.16"
    esbuild-linux-arm "0.14.16"
    esbuild-linux-arm64 "0.14.16"
    esbuild-linux-mips64le "0.14.16"
    esbuild-linux-ppc64le "0.14.16"
    esbuild-linux-s390x "0.14.16"
    esbuild-netbsd-64 "0.14.16"
    esbuild-openbsd-64 "0.14.16"
    esbuild-sunos-64 "0.14.16"
    esbuild-windows-32 "0.14.16"
    esbuild-windows-64 "0.14.16"
    esbuild-windows-arm64 "0.14.16"

gl-matrix@~3.3.0:
  version "3.3.0"
  resolved "https://registry.yarnpkg.com/gl-matrix/-/gl-matrix-3.3.0.tgz#232eef60b1c8b30a28cbbe75b2caf6c48fd6358b"
  integrity sha512-COb7LDz+SXaHtl/h4LeaFcNdJdAQSDeVqjiIihSXNrkWObZLhDI4hIkZC11Aeqp7bcE72clzB0BnDXr2SmslRA==

google-protobuf@^3.6.1:
  version "3.19.4"
  resolved "https://registry.yarnpkg.com/google-protobuf/-/google-protobuf-3.19.4.tgz#8d32c3e34be9250956f28c0fb90955d13f311888"
  integrity sha512-OIPNCxsG2lkIvf+P5FNfJ/Km95CsXOBecS9ZcAU6m2Rq3svc0Apl9nB3GMDNKfQ9asNv4KjyAqGwPQFrVle3Yg==

long@^4.0.0:
  version "4.0.0"
  resolved "https://registry.yarnpkg.com/long/-/long-4.0.0.tgz#9a7b71cfb7d361a194ea555241c92f7468d5bf28"
  integrity sha512-XsP+KhQif4bjX1kbuSiySJFNAehNxgLb6hPRGJ9QsUr8ajHkuXGdrHmFUTUUXhDwVX2R5bY4JNZEwbUiMhV+MA==

protobufjs@6.8.8:
  version "6.8.8"
  resolved "https://registry.yarnpkg.com/protobufjs/-/protobufjs-6.8.8.tgz#c8b4f1282fd7a90e6f5b109ed11c84af82908e7c"
  integrity sha512-AAmHtD5pXgZfi7GMpllpO3q1Xw1OYldr+dMUlAnffGTAhqkg72WdmSY71uKBF/JuyiKs8psYbtKrhi0ASCD8qw==
  dependencies:
    "@protobufjs/aspromise" "^1.1.2"
    "@protobufjs/base64" "^1.1.2"
    "@protobufjs/codegen" "^2.0.4"
    "@protobufjs/eventemitter" "^1.1.0"
    "@protobufjs/fetch" "^1.1.0"
    "@protobufjs/float" "^1.0.2"
    "@protobufjs/inquire" "^1.1.0"
    "@protobufjs/path" "^1.1.2"
    "@protobufjs/pool" "^1.1.0"
    "@protobufjs/utf8" "^1.1.0"
    "@types/long" "^4.0.0"
    "@types/node" "^10.1.0"
    long "^4.0.0"

regenerator-runtime@^0.13.4:
  version "0.13.9"
  resolved "https://registry.yarnpkg.com/regenerator-runtime/-/regenerator-runtime-0.13.9.tgz#8925742a98ffd90814988d7566ad30ca3b263b52"
  integrity sha512-p3VT+cOEgxFsRRA9X4lkI1E+k2/CtnKtU4gcxyaCUreilL/vqI6CdZ3wxVUx3UOUg+gnUOQQcRI7BmSI656MYA==

semver@5.6.0:
  version "5.6.0"
  resolved "https://registry.yarnpkg.com/semver/-/semver-5.6.0.tgz#7e74256fbaa49c75aa7c7a205cc22799cac80004"
  integrity sha512-RS9R6R35NYgQn++fkDWaOmqGoj4Ek9gGs+DPxNUZKuwE183xjJroKvyo1IzVFeXvUrvmALy6FWD5xrdJT25gMg==

source-map-support@0.5.9:
  version "0.5.9"
  resolved "https://registry.yarnpkg.com/source-map-support/-/source-map-support-0.5.9.tgz#41bc953b2534267ea2d605bccfa7bfa3111ced5f"
  integrity sha512-gR6Rw4MvUlYy83vP0vxoVNzM6t8MUXqNuRsuBmBHQDu1Fh6X015FrLdgoDKcNdkwGubozq0P4N0Q37UyFVr1EA==
  dependencies:
    buffer-from "^1.0.0"
    source-map "^0.6.0"

source-map@^0.6.0:
  version "0.6.1"
  resolved "https://registry.yarnpkg.com/source-map/-/source-map-0.6.1.tgz#74722af32e9614e9c287a8d0bbde48b5e2f1a263"
  integrity sha512-UjgapumWlbMhkBgzT7Ykc5YXUT46F0iKu8SGXq0bcwP5dz/h0Plj6enJqjz1Zbq2l5WaqYnrVbwWOWMyF3F47g==

tsc@^2.0.4:
  version "2.0.4"
  resolved "https://registry.yarnpkg.com/tsc/-/tsc-2.0.4.tgz#5f6499146abea5dca4420b451fa4f2f9345238f5"
  integrity sha512-fzoSieZI5KKJVBYGvwbVZs/J5za84f2lSTLPYf6AGiIf43tZ3GNrI1QzTLcjtyDDP4aLxd46RTZq1nQxe7+k5Q==

tslib@^1.8.1:
  version "1.14.1"
  resolved "https://registry.yarnpkg.com/tslib/-/tslib-1.14.1.tgz#cf2d38bdc34a134bcaf1091c41f6619e2f672d00"
  integrity sha512-Xni35NKzjgMrwevysHTCArtLDpPvye8zV/0E4EyYn43P7/7qvQwPh9BGkHewbMulVntbigmcT7rdX3BNo9wRJg==

tsutils@3.21.0:
  version "3.21.0"
  resolved "https://registry.yarnpkg.com/tsutils/-/tsutils-3.21.0.tgz#b48717d394cea6c1e096983eed58e9d61715b623"
  integrity sha512-mHKK3iUXL+3UF6xL5k0PEhKRUBKPBCv/+RkEOpjRWxxx27KKRBmmA60A9pgOUvMi8GKhRMPEmjBRPzs2W7O1OA==
  dependencies:
    tslib "^1.8.1"

typescript@^4.5.5:
  version "4.5.5"
  resolved "https://registry.yarnpkg.com/typescript/-/typescript-4.5.5.tgz#d8c953832d28924a9e3d37c73d729c846c5896f3"
  integrity sha512-TCTIul70LyWe6IJWT8QSYeA54WQe8EjQFU4wY52Fasj5UKx88LNYKCgBEHcOMOrFF1rKGbD8v/xcNWVUq9SymA==
